
Microsoft Visual Studio Solution File, Format Version 12.00
# Visual Studio Version 17
VisualStudioVersion = 17.9.34622.214
MinimumVisualStudioVersion = 10.0.40219.1
Project("{2150E333-8FDC-42A3-9474-1A3956D46DE8}") = "Doc", "Doc", "{456ABE04-21EC-4AF8-A022-122DEF01DD22}"
EndProject
Project("{2150E333-8FDC-42A3-9474-1A3956D46DE8}") = "Src", "Src", "{AD011A05-6AD2-449E-912C-7AB54D6DC36B}"
EndProject
Project("{2150E333-8FDC-42A3-9474-1A3956D46DE8}") = "Test", "Test", "{B79285F5-317B-47FC-8C03-25D987154C04}"
EndProject
Project("{2150E333-8FDC-42A3-9474-1A3956D46DE8}") = "Application", "Application", "{A5D68149-718D-40EC-8DA0-C1192F9FC959}"
EndProject
Project("{2150E333-8FDC-42A3-9474-1A3956D46DE8}") = "Common", "Common", "{4EAE875D-678A-4A0C-B5D9-57235E48CB96}"
EndProject
Project("{2150E333-8FDC-42A3-9474-1A3956D46DE8}") = "Domain", "Domain", "{C0313184-3EF5-4F61-A153-2AEB6153F6CB}"
EndProject
Project("{2150E333-8FDC-42A3-9474-1A3956D46DE8}") = "Infrastructure", "Infrastructure", "{B846530A-FB72-438B-89B6-8FA0E21FEA62}"
EndProject
Project("{2150E333-8FDC-42A3-9474-1A3956D46DE8}") = "Persistence", "Persistence", "{40478BA2-17F8-45B7-A3A6-D949B41E0E48}"
EndProject
Project("{2150E333-8FDC-42A3-9474-1A3956D46DE8}") = "Presentation", "Presentation", "{EB4C6215-8AFB-4CE0-AD9A-A3CE00A5271A}"
EndProject
Project("{FAE04EC0-301F-11D3-BF4B-00C04F79EFBC}") = "OnlineShop.EndPoint", "OnlineShop.EndPoint\OnlineShop.EndPoint.csproj", "{C7D1EAAF-EF3D-4E0C-900F-152DF1BB6034}"
EndProject
Project("{FAE04EC0-301F-11D3-BF4B-00C04F79EFBC}") = "OnlineShop.Application", "OnlineShop.Application\OnlineShop.Application.csproj", "{83EB81BF-5119-46F9-96C4-609BB5FADCBD}"
EndProject
Project("{FAE04EC0-301F-11D3-BF4B-00C04F79EFBC}") = "OnlineShop.Common", "OnlineShop.Common\OnlineShop.Common.csproj", "{2F1B05B8-308B-4F1B-AF83-6849F541AAC6}"
EndProject
Project("{FAE04EC0-301F-11D3-BF4B-00C04F79EFBC}") = "OnlineShop.Domain", "OnlineShop.Domain\OnlineShop.Domain.csproj", "{9961E9C1-D280-47B2-B6FE-4658134C2C06}"
EndProject
Project("{FAE04EC0-301F-11D3-BF4B-00C04F79EFBC}") = "OnlineShop.Infrastructure", "OnlineShop.Infrastructure\OnlineShop.Infrastructure.csproj", "{D81B3031-CD50-4375-A7EC-CF7843E336FA}"
EndProject
Project("{FAE04EC0-301F-11D3-BF4B-00C04F79EFBC}") = "OnlineShop.Persistence", "OnlineShop.Persistence\OnlineShop.Persistence.csproj", "{9FC558A7-473A-4FE9-B661-380075177125}"
EndProject
Global
	GlobalSection(SolutionConfigurationPlatforms) = preSolution
		Debug|Any CPU = Debug|Any CPU
		Release|Any CPU = Release|Any CPU
	EndGlobalSection
	GlobalSection(ProjectConfigurationPlatforms) = postSolution
		{C7D1EAAF-EF3D-4E0C-900F-152DF1BB6034}.Debug|Any CPU.ActiveCfg = Debug|Any CPU
		{C7D1EAAF-EF3D-4E0C-900F-152DF1BB6034}.Debug|Any CPU.Build.0 = Debug|Any CPU
		{C7D1EAAF-EF3D-4E0C-900F-152DF1BB6034}.Release|Any CPU.ActiveCfg = Release|Any CPU
		{C7D1EAAF-EF3D-4E0C-900F-152DF1BB6034}.Release|Any CPU.Build.0 = Release|Any CPU
		{83EB81BF-5119-46F9-96C4-609BB5FADCBD}.Debug|Any CPU.ActiveCfg = Debug|Any CPU
		{83EB81BF-5119-46F9-96C4-609BB5FADCBD}.Debug|Any CPU.Build.0 = Debug|Any CPU
		{83EB81BF-5119-46F9-96C4-609BB5FADCBD}.Release|Any CPU.ActiveCfg = Release|Any CPU
		{83EB81BF-5119-46F9-96C4-609BB5FADCBD}.Release|Any CPU.Build.0 = Release|Any CPU
		{2F1B05B8-308B-4F1B-AF83-6849F541AAC6}.Debug|Any CPU.ActiveCfg = Debug|Any CPU
		{2F1B05B8-308B-4F1B-AF83-6849F541AAC6}.Debug|Any CPU.Build.0 = Debug|Any CPU
		{2F1B05B8-308B-4F1B-AF83-6849F541AAC6}.Release|Any CPU.ActiveCfg = Release|Any CPU
		{2F1B05B8-308B-4F1B-AF83-6849F541AAC6}.Release|Any CPU.Build.0 = Release|Any CPU
		{9961E9C1-D280-47B2-B6FE-4658134C2C06}.Debug|Any CPU.ActiveCfg = Debug|Any CPU
		{9961E9C1-D280-47B2-B6FE-4658134C2C06}.Debug|Any CPU.Build.0 = Debug|Any CPU
		{9961E9C1-D280-47B2-B6FE-4658134C2C06}.Release|Any CPU.ActiveCfg = Release|Any CPU
		{9961E9C1-D280-47B2-B6FE-4658134C2C06}.Release|Any CPU.Build.0 = Release|Any CPU
		{D81B3031-CD50-4375-A7EC-CF7843E336FA}.Debug|Any CPU.ActiveCfg = Debug|Any CPU
		{D81B3031-CD50-4375-A7EC-CF7843E336FA}.Debug|Any CPU.Build.0 = Debug|Any CPU
		{D81B3031-CD50-4375-A7EC-CF7843E336FA}.Release|Any CPU.ActiveCfg = Release|Any CPU
		{D81B3031-CD50-4375-A7EC-CF7843E336FA}.Release|Any CPU.Build.0 = Release|Any CPU
		{9FC558A7-473A-4FE9-B661-380075177125}.Debug|Any CPU.ActiveCfg = Debug|Any CPU
		{9FC558A7-473A-4FE9-B661-380075177125}.Debug|Any CPU.Build.0 = Debug|Any CPU
		{9FC558A7-473A-4FE9-B661-380075177125}.Release|Any CPU.ActiveCfg = Release|Any CPU
		{9FC558A7-473A-4FE9-B661-380075177125}.Release|Any CPU.Build.0 = Release|Any CPU
	EndGlobalSection
	GlobalSection(SolutionProperties) = preSolution
		HideSolutionNode = FALSE
	EndGlobalSection
	GlobalSection(NestedProjects) = preSolution
		{A5D68149-718D-40EC-8DA0-C1192F9FC959} = {AD011A05-6AD2-449E-912C-7AB54D6DC36B}
		{4EAE875D-678A-4A0C-B5D9-57235E48CB96} = {AD011A05-6AD2-449E-912C-7AB54D6DC36B}
		{C0313184-3EF5-4F61-A153-2AEB6153F6CB} = {AD011A05-6AD2-449E-912C-7AB54D6DC36B}
		{B846530A-FB72-438B-89B6-8FA0E21FEA62} = {AD011A05-6AD2-449E-912C-7AB54D6DC36B}
		{40478BA2-17F8-45B7-A3A6-D949B41E0E48} = {AD011A05-6AD2-449E-912C-7AB54D6DC36B}
		{EB4C6215-8AFB-4CE0-AD9A-A3CE00A5271A} = {AD011A05-6AD2-449E-912C-7AB54D6DC36B}
		{C7D1EAAF-EF3D-4E0C-900F-152DF1BB6034} = {EB4C6215-8AFB-4CE0-AD9A-A3CE00A5271A}
		{83EB81BF-5119-46F9-96C4-609BB5FADCBD} = {A5D68149-718D-40EC-8DA0-C1192F9FC959}
		{2F1B05B8-308B-4F1B-AF83-6849F541AAC6} = {4EAE875D-678A-4A0C-B5D9-57235E48CB96}
		{9961E9C1-D280-47B2-B6FE-4658134C2C06} = {C0313184-3EF5-4F61-A153-2AEB6153F6CB}
		{D81B3031-CD50-4375-A7EC-CF7843E336FA} = {B846530A-FB72-438B-89B6-8FA0E21FEA62}
		{9FC558A7-473A-4FE9-B661-380075177125} = {40478BA2-17F8-45B7-A3A6-D949B41E0E48}
	EndGlobalSection
	GlobalSection(ExtensibilityGlobals) = postSolution
		SolutionGuid = {E6A8C5B5-1F2E-4833-8B0E-61302CC2F6BA}
	EndGlobalSection
EndGlobal
